
Microsoft Visual Studio Solution File, Format Version 12.00
# Visual Studio Version 16
VisualStudioVersion = 25.0.1705.0
MinimumVisualStudioVersion = 10.0.40219.1
Project("{FAE04EC0-301F-11D3-BF4B-00C04F79EFBC}") = "WebApi", "WebApi\WebApi.csproj", "{5E42502E-5DAB-450B-B252-27685025BE99}"
EndProject
Project("{FAE04EC0-301F-11D3-BF4B-00C04F79EFBC}") = "WebApi.Tests", "WebApi.Tests\WebApi.Tests.csproj", "{F3C77E72-81D1-4AF5-BB5B-727B5AFB3E86}"
EndProject
Global
	GlobalSection(SolutionConfigurationPlatforms) = preSolution
		Debug|Any CPU = Debug|Any CPU
		Release|Any CPU = Release|Any CPU
	EndGlobalSection
	GlobalSection(ProjectConfigurationPlatforms) = postSolution
		{5E42502E-5DAB-450B-B252-27685025BE99}.Debug|Any CPU.ActiveCfg = Debug|Any CPU
		{5E42502E-5DAB-450B-B252-27685025BE99}.Debug|Any CPU.Build.0 = Debug|Any CPU
		{5E42502E-5DAB-450B-B252-27685025BE99}.Release|Any CPU.ActiveCfg = Release|Any CPU
		{5E42502E-5DAB-450B-B252-27685025BE99}.Release|Any CPU.Build.0 = Release|Any CPU
		{F3C77E72-81D1-4AF5-BB5B-727B5AFB3E86}.Debug|Any CPU.ActiveCfg = Debug|Any CPU
		{F3C77E72-81D1-4AF5-BB5B-727B5AFB3E86}.Debug|Any CPU.Build.0 = Debug|Any CPU
		{F3C77E72-81D1-4AF5-BB5B-727B5AFB3E86}.Release|Any CPU.ActiveCfg = Release|Any CPU
		{F3C77E72-81D1-4AF5-BB5B-727B5AFB3E86}.Release|Any CPU.Build.0 = Release|Any CPU
	EndGlobalSection
	GlobalSection(SolutionProperties) = preSolution
		HideSolutionNode = FALSE
	EndGlobalSection
	GlobalSection(ExtensibilityGlobals) = postSolution
		SolutionGuid = {97B6F288-FC37-49EA-A7CD-EC165C2D36EC}
	EndGlobalSection
EndGlobal
